PODS:
  - Flutter (1.0.0)
  - flutter_splash_screen (0.0.1):
    - Flutter

DEPENDENCIES:
  - Flutter (from `Flutter`)
  - flutter_splash_screen (from `.symlinks/plugins/flutter_splash_screen/ios`)

EXTERNAL SOURCES:
  Flutter:
    :path: Flutter
  flutter_splash_screen:
    :path: ".symlinks/plugins/flutter_splash_screen/ios"

SPEC CHECKSUMS:
  Flutter: 71a624a5bc0c04062bf19101d501e466baf2fb47
  flutter_splash_screen: 1f06dafd3d92eb8e2911f2c40e885eb64e00b7c8

PODFILE CHECKSUM: 3ba3a73b1b12adcf321a227a745625fe0888cc82

COCOAPODS: 1.17.0
